
Microsoft Visual Studio Solution File, Format Version 12.00
# Visual Studio Version 17
VisualStudioVersion = 17.0.32014.148
MinimumVisualStudioVersion = 10.0.40219.1
Project("{FAE04EC0-301F-11D3-BF4B-00C04F79EFBC}") = "ApiVersioning.WebApi", "ApiVersioning.WebApi\ApiVersioning.WebApi.csproj", "{807D9CAE-2EF1-4CFD-B0D3-F04925ACD6C8}"
EndProject
Global
	GlobalSection(SolutionConfigurationPlatforms) = preSolution
		Debug|Any CPU = Debug|Any CPU
		Release|Any CPU = Release|Any CPU
	EndGlobalSection
	GlobalSection(ProjectConfigurationPlatforms) = postSolution
		{807D9CAE-2EF1-4CFD-B0D3-F04925ACD6C8}.Debug|Any CPU.ActiveCfg = Debug|Any CPU
		{807D9CAE-2EF1-4CFD-B0D3-F04925ACD6C8}.Debug|Any CPU.Build.0 = Debug|Any CPU
		{807D9CAE-2EF1-4CFD-B0D3-F04925ACD6C8}.Release|Any CPU.ActiveCfg = Release|Any CPU
		{807D9CAE-2EF1-4CFD-B0D3-F04925ACD6C8}.Release|Any CPU.Build.0 = Release|Any CPU
	EndGlobalSection
	GlobalSection(SolutionProperties) = preSolution
		HideSolutionNode = FALSE
	EndGlobalSection
	GlobalSection(ExtensibilityGlobals) = postSolution
		SolutionGuid = {4F3BAF93-B166-47DC-9FE2-EB632E6A3D26}
	EndGlobalSection
EndGlobal
